
Microsoft Visual Studio Solution File, Format Version 12.00
Project("{2150E333-8FDC-42A3-9474-1A3956D46DE8}") = "Solution Items", "Solution Items", "{FBB11050-E99D-4E0A-ADB4-70E203B70E1F}"
	ProjectSection(SolutionItems) = preProject
		.gitignore = .gitignore
		..\README.md = ..\README.md
		test-build.sh = test-build.sh
	EndProjectSection
EndProject
Project("{FAE04EC0-301F-11D3-BF4B-00C04F79EFBC}") = "Sample", "Sample\Sample.csproj", "{31681E2E-6BDF-4FBE-91B6-3DE8C03B7CB5}"
EndProject
Project("{FAE04EC0-301F-11D3-BF4B-00C04F79EFBC}") = "Identifiers", "Identifiers\Identifiers.csproj", "{57B36168-8E0F-4C19-8B69-E8E7062F399D}"
EndProject
Project("{FAE04EC0-301F-11D3-BF4B-00C04F79EFBC}") = "Identifiers.Tests", "Identifiers.Tests\Identifiers.Tests.csproj", "{D2636B34-AA98-4282-BA45-4BB9F97D2DE6}"
EndProject
Project("{FAE04EC0-301F-11D3-BF4B-00C04F79EFBC}") = "Coder", "Coder\Coder.csproj", "{2F7726CC-AB59-408F-9C81-F469B3E4A8FD}"
EndProject
Project("{FAE04EC0-301F-11D3-BF4B-00C04F79EFBC}") = "Coder.Tests", "Coder.Tests\Coder.Tests.csproj", "{D6D4ACF7-A49F-4261-A512-720E2D6E09A9}"
EndProject
Global
	GlobalSection(SolutionConfigurationPlatforms) = preSolution
		Debug|Any CPU = Debug|Any CPU
		Release|Any CPU = Release|Any CPU
	EndGlobalSection
	GlobalSection(ProjectConfigurationPlatforms) = postSolution
		{31681E2E-6BDF-4FBE-91B6-3DE8C03B7CB5}.Debug|Any CPU.ActiveCfg = Debug|Any CPU
		{31681E2E-6BDF-4FBE-91B6-3DE8C03B7CB5}.Debug|Any CPU.Build.0 = Debug|Any CPU
		{31681E2E-6BDF-4FBE-91B6-3DE8C03B7CB5}.Release|Any CPU.ActiveCfg = Release|Any CPU
		{31681E2E-6BDF-4FBE-91B6-3DE8C03B7CB5}.Release|Any CPU.Build.0 = Release|Any CPU
		{57B36168-8E0F-4C19-8B69-E8E7062F399D}.Debug|Any CPU.ActiveCfg = Debug|Any CPU
		{57B36168-8E0F-4C19-8B69-E8E7062F399D}.Debug|Any CPU.Build.0 = Debug|Any CPU
		{57B36168-8E0F-4C19-8B69-E8E7062F399D}.Release|Any CPU.ActiveCfg = Release|Any CPU
		{57B36168-8E0F-4C19-8B69-E8E7062F399D}.Release|Any CPU.Build.0 = Release|Any CPU
		{D2636B34-AA98-4282-BA45-4BB9F97D2DE6}.Debug|Any CPU.ActiveCfg = Debug|Any CPU
		{D2636B34-AA98-4282-BA45-4BB9F97D2DE6}.Debug|Any CPU.Build.0 = Debug|Any CPU
		{D2636B34-AA98-4282-BA45-4BB9F97D2DE6}.Release|Any CPU.ActiveCfg = Release|Any CPU
		{D2636B34-AA98-4282-BA45-4BB9F97D2DE6}.Release|Any CPU.Build.0 = Release|Any CPU
		{2F7726CC-AB59-408F-9C81-F469B3E4A8FD}.Debug|Any CPU.ActiveCfg = Debug|Any CPU
		{2F7726CC-AB59-408F-9C81-F469B3E4A8FD}.Debug|Any CPU.Build.0 = Debug|Any CPU
		{2F7726CC-AB59-408F-9C81-F469B3E4A8FD}.Release|Any CPU.ActiveCfg = Release|Any CPU
		{2F7726CC-AB59-408F-9C81-F469B3E4A8FD}.Release|Any CPU.Build.0 = Release|Any CPU
		{D6D4ACF7-A49F-4261-A512-720E2D6E09A9}.Debug|Any CPU.ActiveCfg = Debug|Any CPU
		{D6D4ACF7-A49F-4261-A512-720E2D6E09A9}.Debug|Any CPU.Build.0 = Debug|Any CPU
		{D6D4ACF7-A49F-4261-A512-720E2D6E09A9}.Release|Any CPU.ActiveCfg = Release|Any CPU
		{D6D4ACF7-A49F-4261-A512-720E2D6E09A9}.Release|Any CPU.Build.0 = Release|Any CPU
	EndGlobalSection
	GlobalSection(NestedProjects) = preSolution
	EndGlobalSection
EndGlobal
